
Microsoft Visual Studio Solution File, Format Version 12.00
# Visual Studio Version 16
VisualStudioVersion = 16.0.29613.14
MinimumVisualStudioVersion = 10.0.40219.1
Project("{FAE04EC0-301F-11D3-BF4B-00C04F79EFBC}") = "Linq2", "Linq2\Linq2.csproj", "{C25A4A56-B18F-4275-8C38-238A6E2ED79A}"
EndProject
Global
	GlobalSection(SolutionConfigurationPlatforms) = preSolution
		Debug|Any CPU = Debug|Any CPU
		Release|Any CPU = Release|Any CPU
	EndGlobalSection
	GlobalSection(ProjectConfigurationPlatforms) = postSolution
		{C25A4A56-B18F-4275-8C38-238A6E2ED79A}.Debug|Any CPU.ActiveCfg = Debug|Any CPU
		{C25A4A56-B18F-4275-8C38-238A6E2ED79A}.Debug|Any CPU.Build.0 = Debug|Any CPU
		{C25A4A56-B18F-4275-8C38-238A6E2ED79A}.Release|Any CPU.ActiveCfg = Release|Any CPU
		{C25A4A56-B18F-4275-8C38-238A6E2ED79A}.Release|Any CPU.Build.0 = Release|Any CPU
	EndGlobalSection
	GlobalSection(SolutionProperties) = preSolution
		HideSolutionNode = FALSE
	EndGlobalSection
	GlobalSection(ExtensibilityGlobals) = postSolution
		SolutionGuid = {2335FA34-6E21-41DA-B388-CAC9C07D0571}
	EndGlobalSection
EndGlobal
